
Microsoft Visual Studio Solution File, Format Version 12.00
# Visual Studio Version 17
VisualStudioVersion = 17.2.32630.192
MinimumVisualStudioVersion = 10.0.40219.1
Project("{FAE04EC0-301F-11D3-BF4B-00C04F79EFBC}") = "Roscoe Capital", "Roscoe Capital.csproj", "{448EB144-30E3-4A70-BA9B-E0D7BE5FFE53}"
EndProject
Global
	GlobalSection(SolutionConfigurationPlatforms) = preSolution
		Debug|Any CPU = Debug|Any CPU
		Release|Any CPU = Release|Any CPU
	EndGlobalSection
	GlobalSection(ProjectConfigurationPlatforms) = postSolution
		{448EB144-30E3-4A70-BA9B-E0D7BE5FFE53}.Debug|Any CPU.ActiveCfg = Debug|Any CPU
		{448EB144-30E3-4A70-BA9B-E0D7BE5FFE53}.Debug|Any CPU.Build.0 = Debug|Any CPU
		{448EB144-30E3-4A70-BA9B-E0D7BE5FFE53}.Release|Any CPU.ActiveCfg = Release|Any CPU
		{448EB144-30E3-4A70-BA9B-E0D7BE5FFE53}.Release|Any CPU.Build.0 = Release|Any CPU
	EndGlobalSection
	GlobalSection(SolutionProperties) = preSolution
		HideSolutionNode = FALSE
	EndGlobalSection
	GlobalSection(ExtensibilityGlobals) = postSolution
		SolutionGuid = {3F55137D-A57B-4E56-826C-6964185DDACD}
	EndGlobalSection
EndGlobal
